# This file is automatically @generated by Cargo.
# It is not intended for manual editing.
version = 4

[[package]]
name = "apollo"
version = "0.0.1"
dependencies = [
 "index_list",
]

[[package]]
name = "index_list"
version = "0.2.16"
source = "registry+https://github.com/rust-lang/crates.io-index"
checksum = "8f05caee923b644542e92a659bfceb868a4053fb7d4230ef2141931e8b01e91a"
